// !$*UTF8*$!
{
	archiveVersion = 1;
	classes = {
	};
	objectVersion = 56;
	objects = {

/* Begin PBXBuildFile section */
		723A6DD22C913ABB006692CA /* MenuItem.swift in Sources */ = {isa = PBXBuildFile; fileRef = 723A6DCD2C913ABB006692CA /* MenuItem.swift */; };
		723A6DD32C913ABB006692CA /* MenuModel.swift in Sources */ = {isa = PBXBuildFile; fileRef = 723A6DCE2C913ABB006692CA /* MenuModel.swift */; };
		723A6DD42C913ABB006692CA /* OrderItem.swift in Sources */ = {isa = PBXBuildFile; fileRef = 723A6DCF2C913ABB006692CA /* OrderItem.swift */; };
		723A6DD52C913ABB006692CA /* OrderModel.swift in Sources */ = {isa = PBXBuildFile; fileRef = 723A6DD02C913ABB006692CA /* OrderModel.swift */; };
		725E474D2BB632AB006A73B9 /* HuliPizzaApp.swift in Sources */ = {isa = PBXBuildFile; fileRef = 725E474C2BB632AB006A73B9 /* HuliPizzaApp.swift */; };
		725E474F2BB632AB006A73B9 /* ContentView.swift in Sources */ = {isa = PBXBuildFile; fileRef = 725E474E2BB632AB006A73B9 /* ContentView.swift */; };
		725E47512BB632AD006A73B9 /* Assets.xcassets in Resources */ = {isa = PBXBuildFile; fileRef = 725E47502BB632AD006A73B9 /* Assets.xcassets */; };
		725E47542BB632AD006A73B9 /* Preview Assets.xcassets in Resources */ = {isa = PBXBuildFile; fileRef = 725E47532BB632AD006A73B9 /* Preview Assets.xcassets */; };
		725E475E2BB632AD006A73B9 /* HuliPizzaTests.swift in Sources */ = {isa = PBXBuildFile; fileRef = 725E475D2BB632AD006A73B9 /* HuliPizzaTests.swift */; };
		725E47682BB632AD006A73B9 /* HuliPizzaUITests.swift in Sources */ = {isa = PBXBuildFile; fileRef = 725E47672BB632AD006A73B9 /* HuliPizzaUITests.swift */; };
		725E476A2BB632AD006A73B9 /* HuliPizzaUITestsLaunchTests.swift in Sources */ = {isa = PBXBuildFile; fileRef = 725E47692BB632AD006A73B9 /* HuliPizzaUITestsLaunchTests.swift */; };
		725E47772BB6425B006A73B9 /* MenuView.swift in Sources */ = {isa = PBXBuildFile; fileRef = 725E47762BB6425B006A73B9 /* MenuView.swift */; };
		725E47792BB642AE006A73B9 /* OrderView.swift in Sources */ = {isa = PBXBuildFile; fileRef = 725E47782BB642AE006A73B9 /* OrderView.swift */; };
		725E477B2BB6430B006A73B9 /* MenuItemView.swift in Sources */ = {isa = PBXBuildFile; fileRef = 725E477A2BB6430B006A73B9 /* MenuItemView.swift */; };
		725E477D2BB6431B006A73B9 /* MenuRowView.swift in Sources */ = {isa = PBXBuildFile; fileRef = 725E477C2BB6431B006A73B9 /* MenuRowView.swift */; };
		725E477F2BB64330006A73B9 /* OrderRowView.swift in Sources */ = {isa = PBXBuildFile; fileRef = 725E477E2BB64330006A73B9 /* OrderRowView.swift */; };
		725E47812BB6433B006A73B9 /* HeaderView.swift in Sources */ = {isa = PBXBuildFile; fileRef = 725E47802BB6433B006A73B9 /* HeaderView.swift */; };
		725E47832BB647AA006A73B9 /* RatingsView.swift in Sources */ = {isa = PBXBuildFile; fileRef = 725E47822BB647AA006A73B9 /* RatingsView.swift */; };
		72985CB92C92872C00DEEB83 /* StatusBarView.swift in Sources */ = {isa = PBXBuildFile; fileRef = 72985CB82C92872C00DEEB83 /* StatusBarView.swift */; };
		72985CBB2C928A9700DEEB83 /* OrderItemView.swift in Sources */ = {isa = PBXBuildFile; fileRef = 72985CBA2C928A9700DEEB83 /* OrderItemView.swift */; };
		72D49C502C93A40300314DF8 /* MenuItemTileView.swift in Sources */ = {isa = PBXBuildFile; fileRef = 72D49C4F2C93A40300314DF8 /* MenuItemTileView.swift */; };
		72D49C522C93A57B00314DF8 /* MenuGridView.swift in Sources */ = {isa = PBXBuildFile; fileRef = 72D49C512C93A57B00314DF8 /* MenuGridView.swift */; };
		72D49C542C93A85B00314DF8 /* FavoriteTileView.swift in Sources */ = {isa = PBXBuildFile; fileRef = 72D49C532C93A85B00314DF8 /* FavoriteTileView.swift */; };
/* End PBXBuildFile section */

/* Begin PBXContainerItemProxy section */
		725E475A2BB632AD006A73B9 /* PBXContainerItemProxy */ = {
			isa = PBXContainerItemProxy;
			containerPortal = 725E47412BB632AB006A73B9 /* Project object */;
			proxyType = 1;
			remoteGlobalIDString = 725E47482BB632AB006A73B9;
			remoteInfo = HuliPizza;
		};
		725E47642BB632AD006A73B9 /* PBXContainerItemProxy */ = {
			isa = PBXContainerItemProxy;
			containerPortal = 725E47412BB632AB006A73B9 /* Project object */;
			proxyType = 1;
			remoteGlobalIDString = 725E47482BB632AB006A73B9;
			remoteInfo = HuliPizza;
		};
/* End PBXContainerItemProxy section */

/* Begin PBXFileReference section */
		723A6DCD2C913ABB006692CA /* MenuItem.swift */ = {isa = PBXFileReference; fileEncoding = 4; lastKnownFileType = sourcecode.swift; path = MenuItem.swift; sourceTree = "<group>"; };
		723A6DCE2C913ABB006692CA /* MenuModel.swift */ = {isa = PBXFileReference; fileEncoding = 4; lastKnownFileType = sourcecode.swift; path = MenuModel.swift; sourceTree = "<group>"; };
		723A6DCF2C913ABB006692CA /* OrderItem.swift */ = {isa = PBXFileReference; fileEncoding = 4; lastKnownFileType = sourcecode.swift; path = OrderItem.swift; sourceTree = "<group>"; };
		723A6DD02C913ABB006692CA /* OrderModel.swift */ = {isa = PBXFileReference; fileEncoding = 4; lastKnownFileType = sourcecode.swift; path = OrderModel.swift; sourceTree = "<group>"; };
		725E47492BB632AB006A73B9 /* HuliPizza.app */ = {isa = PBXFileReference; explicitFileType = wrapper.application; includeInIndex = 0; path = HuliPizza.app; sourceTree = BUILT_PRODUCTS_DIR; };
		725E474C2BB632AB006A73B9 /* HuliPizzaApp.swift */ = {isa = PBXFileReference; lastKnownFileType = sourcecode.swift; path = HuliPizzaApp.swift; sourceTree = "<group>"; };
		725E474E2BB632AB006A73B9 /* ContentView.swift */ = {isa = PBXFileReference; lastKnownFileType = sourcecode.swift; path = ContentView.swift; sourceTree = "<group>"; };
		725E47502BB632AD006A73B9 /* Assets.xcassets */ = {isa = PBXFileReference; lastKnownFileType = folder.assetcatalog; path = Assets.xcassets; sourceTree = "<group>"; };
		725E47532BB632AD006A73B9 /* Preview Assets.xcassets */ = {isa = PBXFileReference; lastKnownFileType = folder.assetcatalog; path = "Preview Assets.xcassets"; sourceTree = "<group>"; };
		725E47592BB632AD006A73B9 /* HuliPizzaTests.xctest */ = {isa = PBXFileReference; explicitFileType = wrapper.cfbundle; includeInIndex = 0; path = HuliPizzaTests.xctest; sourceTree = BUILT_PRODUCTS_DIR; };
		725E475D2BB632AD006A73B9 /* HuliPizzaTests.swift */ = {isa = PBXFileReference; lastKnownFileType = sourcecode.swift; path = HuliPizzaTests.swift; sourceTree = "<group>"; };
		725E47632BB632AD006A73B9 /* HuliPizzaUITests.xctest */ = {isa = PBXFileReference; explicitFileType = wrapper.cfbundle; includeInIndex = 0; path = HuliPizzaUITests.xctest; sourceTree = BUILT_PRODUCTS_DIR; };
		725E47672BB632AD006A73B9 /* HuliPizzaUITests.swift */ = {isa = PBXFileReference; lastKnownFileType = sourcecode.swift; path = HuliPizzaUITests.swift; sourceTree = "<group>"; };
		725E47692BB632AD006A73B9 /* HuliPizzaUITestsLaunchTests.swift */ = {isa = PBXFileReference; lastKnownFileType = sourcecode.swift; path = HuliPizzaUITestsLaunchTests.swift; sourceTree = "<group>"; };
		725E47762BB6425B006A73B9 /* MenuView.swift */ = {isa = PBXFileReference; lastKnownFileType = sourcecode.swift; path = MenuView.swift; sourceTree = "<group>"; };
		725E47782BB642AE006A73B9 /* OrderView.swift */ = {isa = PBXFileReference; lastKnownFileType = sourcecode.swift; path = OrderView.swift; sourceTree = "<group>"; };
		725E477A2BB6430B006A73B9 /* MenuItemView.swift */ = {isa = PBXFileReference; lastKnownFileType = sourcecode.swift; path = MenuItemView.swift; sourceTree = "<group>"; };
		725E477C2BB6431B006A73B9 /* MenuRowView.swift */ = {isa = PBXFileReference; lastKnownFileType = sourcecode.swift; path = MenuRowView.swift; sourceTree = "<group>"; };
		725E477E2BB64330006A73B9 /* OrderRowView.swift */ = {isa = PBXFileReference; lastKnownFileType = sourcecode.swift; path = OrderRowView.swift; sourceTree = "<group>"; };
		725E47802BB6433B006A73B9 /* HeaderView.swift */ = {isa = PBXFileReference; lastKnownFileType = sourcecode.swift; path = HeaderView.swift; sourceTree = "<group>"; };
		725E47822BB647AA006A73B9 /* RatingsView.swift */ = {isa = PBXFileReference; lastKnownFileType = sourcecode.swift; path = RatingsView.swift; sourceTree = "<group>"; };
		72985CB82C92872C00DEEB83 /* StatusBarView.swift */ = {isa = PBXFileReference; lastKnownFileType = sourcecode.swift; path = StatusBarView.swift; sourceTree = "<group>"; };
		72985CBA2C928A9700DEEB83 /* OrderItemView.swift */ = {isa = PBXFileReference; lastKnownFileType = sourcecode.swift; path = OrderItemView.swift; sourceTree = "<group>"; };
		72D49C4F2C93A40300314DF8 /* MenuItemTileView.swift */ = {isa = PBXFileReference; fileEncoding = 4; lastKnownFileType = sourcecode.swift; path = MenuItemTileView.swift; sourceTree = "<group>"; };
		72D49C512C93A57B00314DF8 /* MenuGridView.swift */ = {isa = PBXFileReference; lastKnownFileType = sourcecode.swift; path = MenuGridView.swift; sourceTree = "<group>"; };
		72D49C532C93A85B00314DF8 /* FavoriteTileView.swift */ = {isa = PBXFileReference; fileEncoding = 4; lastKnownFileType = sourcecode.swift; path = FavoriteTileView.swift; sourceTree = "<group>"; };
/* End PBXFileReference section */

/* Begin PBXFrameworksBuildPhase section */
		725E47462BB632AB006A73B9 /* Frameworks */ = {
			isa = PBXFrameworksBuildPhase;
			buildActionMask = 2147483647;
			files = (
			);
			runOnlyForDeploymentPostprocessing = 0;
		};
		725E47562BB632AD006A73B9 /* Frameworks */ = {
			isa = PBXFrameworksBuildPhase;
			buildActionMask = 2147483647;
			files = (
			);
			runOnlyForDeploymentPostprocessing = 0;
		};
		725E47602BB632AD006A73B9 /* Frameworks */ = {
			isa = PBXFrameworksBuildPhase;
			buildActionMask = 2147483647;
			files = (
			);
			runOnlyForDeploymentPostprocessing = 0;
		};
/* End PBXFrameworksBuildPhase section */

/* Begin PBXGroup section */
		723A6DD12C913ABB006692CA /* Model Code */ = {
			isa = PBXGroup;
			children = (
				723A6DCD2C913ABB006692CA /* MenuItem.swift */,
				723A6DCE2C913ABB006692CA /* MenuModel.swift */,
				723A6DCF2C913ABB006692CA /* OrderItem.swift */,
				723A6DD02C913ABB006692CA /* OrderModel.swift */,
			);
			path = "Model Code";
			sourceTree = "<group>";
		};
		725E47402BB632AB006A73B9 = {
			isa = PBXGroup;
			children = (
				725E474B2BB632AB006A73B9 /* HuliPizza */,
				725E475C2BB632AD006A73B9 /* HuliPizzaTests */,
				725E47662BB632AD006A73B9 /* HuliPizzaUITests */,
				725E474A2BB632AB006A73B9 /* Products */,
			);
			sourceTree = "<group>";
		};
		725E474A2BB632AB006A73B9 /* Products */ = {
			isa = PBXGroup;
			children = (
				725E47492BB632AB006A73B9 /* HuliPizza.app */,
				725E47592BB632AD006A73B9 /* HuliPizzaTests.xctest */,
				725E47632BB632AD006A73B9 /* HuliPizzaUITests.xctest */,
			);
			name = Products;
			sourceTree = "<group>";
		};
		725E474B2BB632AB006A73B9 /* HuliPizza */ = {
			isa = PBXGroup;
			children = (
				725E474E2BB632AB006A73B9 /* ContentView.swift */,
				72D49C532C93A85B00314DF8 /* FavoriteTileView.swift */,
				725E47802BB6433B006A73B9 /* HeaderView.swift */,
				725E474C2BB632AB006A73B9 /* HuliPizzaApp.swift */,
				72D49C512C93A57B00314DF8 /* MenuGridView.swift */,
				72D49C4F2C93A40300314DF8 /* MenuItemTileView.swift */,
				725E477A2BB6430B006A73B9 /* MenuItemView.swift */,
				725E477C2BB6431B006A73B9 /* MenuRowView.swift */,
				725E47762BB6425B006A73B9 /* MenuView.swift */,
				72985CBA2C928A9700DEEB83 /* OrderItemView.swift */,
				725E477E2BB64330006A73B9 /* OrderRowView.swift */,
				725E47782BB642AE006A73B9 /* OrderView.swift */,
				725E47822BB647AA006A73B9 /* RatingsView.swift */,
				72985CB82C92872C00DEEB83 /* StatusBarView.swift */,
				725E47502BB632AD006A73B9 /* Assets.xcassets */,
				723A6DD12C913ABB006692CA /* Model Code */,
				725E47522BB632AD006A73B9 /* Preview Content */,
			);
			path = HuliPizza;
			sourceTree = "<group>";
		};
		725E47522BB632AD006A73B9 /* Preview Content */ = {
			isa = PBXGroup;
			children = (
				725E47532BB632AD006A73B9 /* Preview Assets.xcassets */,
			);
			path = "Preview Content";
			sourceTree = "<group>";
		};
		725E475C2BB632AD006A73B9 /* HuliPizzaTests */ = {
			isa = PBXGroup;
			children = (
				725E475D2BB632AD006A73B9 /* HuliPizzaTests.swift */,
			);
			path = HuliPizzaTests;
			sourceTree = "<group>";
		};
		725E47662BB632AD006A73B9 /* HuliPizzaUITests */ = {
			isa = PBXGroup;
			children = (
				725E47672BB632AD006A73B9 /* HuliPizzaUITests.swift */,
				725E47692BB632AD006A73B9 /* HuliPizzaUITestsLaunchTests.swift */,
			);
			path = HuliPizzaUITests;
			sourceTree = "<group>";
		};
/* End PBXGroup section */

/* Begin PBXNativeTarget section */
		725E47482BB632AB006A73B9 /* HuliPizza */ = {
			isa = PBXNativeTarget;
			buildConfigurationList = 725E476D2BB632AD006A73B9 /* Build configuration list for PBXNativeTarget "HuliPizza" */;
			buildPhases = (
				725E47452BB632AB006A73B9 /* Sources */,
				725E47462BB632AB006A73B9 /* Frameworks */,
				725E47472BB632AB006A73B9 /* Resources */,
			);
			buildRules = (
			);
			dependencies = (
			);
			name = HuliPizza;
			productName = HuliPizza;
			productReference = 725E47492BB632AB006A73B9 /* HuliPizza.app */;
			productType = "com.apple.product-type.application";
		};
		725E47582BB632AD006A73B9 /* HuliPizzaTests */ = {
			isa = PBXNativeTarget;
			buildConfigurationList = 725E47702BB632AD006A73B9 /* Build configuration list for PBXNativeTarget "HuliPizzaTests" */;
			buildPhases = (
				725E47552BB632AD006A73B9 /* Sources */,
				725E47562BB632AD006A73B9 /* Frameworks */,
				725E47572BB632AD006A73B9 /* Resources */,
			);
			buildRules = (
			);
			dependencies = (
				725E475B2BB632AD006A73B9 /* PBXTargetDependency */,
			);
			name = HuliPizzaTests;
			productName = HuliPizzaTests;
			productReference = 725E47592BB632AD006A73B9 /* HuliPizzaTests.xctest */;
			productType = "com.apple.product-type.bundle.unit-test";
		};
		725E47622BB632AD006A73B9 /* HuliPizzaUITests */ = {
			isa = PBXNativeTarget;
			buildConfigurationList = 725E47732BB632AD006A73B9 /* Build configuration list for PBXNativeTarget "HuliPizzaUITests" */;
			buildPhases = (
				725E475F2BB632AD006A73B9 /* Sources */,
				725E47602BB632AD006A73B9 /* Frameworks */,
				725E47612BB632AD006A73B9 /* Resources */,
			);
			buildRules = (
			);
			dependencies = (
				725E47652BB632AD006A73B9 /* PBXTargetDependency */,
			);
			name = HuliPizzaUITests;
			productName = HuliPizzaUITests;
			productReference = 725E47632BB632AD006A73B9 /* HuliPizzaUITests.xctest */;
			productType = "com.apple.product-type.bundle.ui-testing";
		};
/* End PBXNativeTarget section */

/* Begin PBXProject section */
		725E47412BB632AB006A73B9 /* Project object */ = {
			isa = PBXProject;
			attributes = {
				BuildIndependentTargetsInParallel = 1;
				LastSwiftUpdateCheck = 1520;
				LastUpgradeCheck = 1520;
				TargetAttributes = {
					725E47482BB632AB006A73B9 = {
						CreatedOnToolsVersion = 15.2;
					};
					725E47582BB632AD006A73B9 = {
						CreatedOnToolsVersion = 15.2;
						TestTargetID = 725E47482BB632AB006A73B9;
					};
					725E47622BB632AD006A73B9 = {
						CreatedOnToolsVersion = 15.2;
						TestTargetID = 725E47482BB632AB006A73B9;
					};
				};
			};
			buildConfigurationList = 725E47442BB632AB006A73B9 /* Build configuration list for PBXProject "HuliPizza" */;
			compatibilityVersion = "Xcode 14.0";
			developmentRegion = en;
			hasScannedForEncodings = 0;
			knownRegions = (
				en,
				Base,
			);
			mainGroup = 725E47402BB632AB006A73B9;
			productRefGroup = 725E474A2BB632AB006A73B9 /* Products */;
			projectDirPath = "";
			projectRoot = "";
			targets = (
				725E47482BB632AB006A73B9 /* HuliPizza */,
				725E47582BB632AD006A73B9 /* HuliPizzaTests */,
				725E47622BB632AD006A73B9 /* HuliPizzaUITests */,
			);
		};
/* End PBXProject section */

/* Begin PBXResourcesBuildPhase section */
		725E47472BB632AB006A73B9 /* Resources */ = {
			isa = PBXResourcesBuildPhase;
			buildActionMask = 2147483647;
			files = (
				725E47542BB632AD006A73B9 /* Preview Assets.xcassets in Resources */,
				725E47512BB632AD006A73B9 /* Assets.xcassets in Resources */,
			);
			runOnlyForDeploymentPostprocessing = 0;
		};
		725E47572BB632AD006A73B9 /* Resources */ = {
			isa = PBXResourcesBuildPhase;
			buildActionMask = 2147483647;
			files = (
			);
			runOnlyForDeploymentPostprocessing = 0;
		};
		725E47612BB632AD006A73B9 /* Resources */ = {
			isa = PBXResourcesBuildPhase;
			buildActionMask = 2147483647;
			files = (
			);
			runOnlyForDeploymentPostprocessing = 0;
		};
/* End PBXResourcesBuildPhase section */

/* Begin PBXSourcesBuildPhase section */
		725E47452BB632AB006A73B9 /* Sources */ = {
			isa = PBXSourcesBuildPhase;
			buildActionMask = 2147483647;
			files = (
				725E474F2BB632AB006A73B9 /* ContentView.swift in Sources */,
				725E47792BB642AE006A73B9 /* OrderView.swift in Sources */,
				72D49C542C93A85B00314DF8 /* FavoriteTileView.swift in Sources */,
				725E47772BB6425B006A73B9 /* MenuView.swift in Sources */,
				723A6DD52C913ABB006692CA /* OrderModel.swift in Sources */,
				725E474D2BB632AB006A73B9 /* HuliPizzaApp.swift in Sources */,
				725E47832BB647AA006A73B9 /* RatingsView.swift in Sources */,
				723A6DD42C913ABB006692CA /* OrderItem.swift in Sources */,
				72985CBB2C928A9700DEEB83 /* OrderItemView.swift in Sources */,
				725E477D2BB6431B006A73B9 /* MenuRowView.swift in Sources */,
				725E477F2BB64330006A73B9 /* OrderRowView.swift in Sources */,
				723A6DD32C913ABB006692CA /* MenuModel.swift in Sources */,
				72985CB92C92872C00DEEB83 /* StatusBarView.swift in Sources */,
				72D49C522C93A57B00314DF8 /* MenuGridView.swift in Sources */,
				725E477B2BB6430B006A73B9 /* MenuItemView.swift in Sources */,
				725E47812BB6433B006A73B9 /* HeaderView.swift in Sources */,
				72D49C502C93A40300314DF8 /* MenuItemTileView.swift in Sources */,
				723A6DD22C913ABB006692CA /* MenuItem.swift in Sources */,
			);
			runOnlyForDeploymentPostprocessing = 0;
		};
		725E47552BB632AD006A73B9 /* Sources */ = {
			isa = PBXSourcesBuildPhase;
			buildActionMask = 2147483647;
			files = (
				725E475E2BB632AD006A73B9 /* HuliPizzaTests.swift in Sources */,
			);
			runOnlyForDeploymentPostprocessing = 0;
		};
		725E475F2BB632AD006A73B9 /* Sources */ = {
			isa = PBXSourcesBuildPhase;
			buildActionMask = 2147483647;
			files = (
				725E47682BB632AD006A73B9 /* HuliPizzaUITests.swift in Sources */,
				725E476A2BB632AD006A73B9 /* HuliPizzaUITestsLaunchTests.swift in Sources */,
			);
			runOnlyForDeploymentPostprocessing = 0;
		};
/* End PBXSourcesBuildPhase section */

/* Begin PBXTargetDependency section */
		725E475B2BB632AD006A73B9 /* PBXTargetDependency */ = {
			isa = PBXTargetDependency;
			target = 725E47482BB632AB006A73B9 /* HuliPizza */;
			targetProxy = 725E475A2BB632AD006A73B9 /* PBXContainerItemProxy */;
		};
		725E47652BB632AD006A73B9 /* PBXTargetDependency */ = {
			isa = PBXTargetDependency;
			target = 725E47482BB632AB006A73B9 /* HuliPizza */;
			targetProxy = 725E47642BB632AD006A73B9 /* PBXContainerItemProxy */;
		};
/* End PBXTargetDependency section */

/* Begin XCBuildConfiguration section */
		725E476B2BB632AD006A73B9 /* Debug */ = {
			isa = XCBuildConfiguration;
			buildSettings = {
				ALWAYS_SEARCH_USER_PATHS = NO;
				ASSETCATALOG_COMPILER_GENERATE_SWIFT_ASSET_SYMBOL_EXTENSIONS = YES;
				CLANG_ANALYZER_NONNULL = YES;
				CLANG_ANALYZER_NUMBER_OBJECT_CONVERSION = YES_AGGRESSIVE;
				CLANG_CXX_LANGUAGE_STANDARD = "gnu++20";
				CLANG_ENABLE_MODULES = YES;
				CLANG_ENABLE_OBJC_ARC = YES;
				CLANG_ENABLE_OBJC_WEAK = YES;
				CLANG_WARN_BLOCK_CAPTURE_AUTORELEASING = YES;
				CLANG_WARN_BOOL_CONVERSION = YES;
				CLANG_WARN_COMMA = YES;
				CLANG_WARN_CONSTANT_CONVERSION = YES;
				CLANG_WARN_DEPRECATED_OBJC_IMPLEMENTATIONS = YES;
				CLANG_WARN_DIRECT_OBJC_ISA_USAGE = YES_ERROR;
				CLANG_WARN_DOCUMENTATION_COMMENTS = YES;
				CLANG_WARN_EMPTY_BODY = YES;
				CLANG_WARN_ENUM_CONVERSION = YES;
				CLANG_WARN_INFINITE_RECURSION = YES;
				CLANG_WARN_INT_CONVERSION = YES;
				CLANG_WARN_NON_LITERAL_NULL_CONVERSION = YES;
				CLANG_WARN_OBJC_IMPLICIT_RETAIN_SELF = YES;
				CLANG_WARN_OBJC_LITERAL_CONVERSION = YES;
				CLANG_WARN_OBJC_ROOT_CLASS = YES_ERROR;
				CLANG_WARN_QUOTED_INCLUDE_IN_FRAMEWORK_HEADER = YES;
				CLANG_WARN_RANGE_LOOP_ANALYSIS = YES;
				CLANG_WARN_STRICT_PROTOTYPES = YES;
				CLANG_WARN_SUSPICIOUS_MOVE = YES;
				CLANG_WARN_UNGUARDED_AVAILABILITY = YES_AGGRESSIVE;
				CLANG_WARN_UNREACHABLE_CODE = YES;
				CLANG_WARN__DUPLICATE_METHOD_MATCH = YES;
				COPY_PHASE_STRIP = NO;
				DEBUG_INFORMATION_FORMAT = dwarf;
				ENABLE_STRICT_OBJC_MSGSEND = YES;
				ENABLE_TESTABILITY = YES;
				ENABLE_USER_SCRIPT_SANDBOXING = YES;
				GCC_C_LANGUAGE_STANDARD = gnu17;
				GCC_DYNAMIC_NO_PIC = NO;
				GCC_NO_COMMON_BLOCKS = YES;
				GCC_OPTIMIZATION_LEVEL = 0;
				GCC_PREPROCESSOR_DEFINITIONS = (
					"DEBUG=1",
					"$(inherited)",
				);
				GCC_WARN_64_TO_32_BIT_CONVERSION = YES;
				GCC_WARN_ABOUT_RETURN_TYPE = YES_ERROR;
				GCC_WARN_UNDECLARED_SELECTOR = YES;
				GCC_WARN_UNINITIALIZED_AUTOS = YES_AGGRESSIVE;
				GCC_WARN_UNUSED_FUNCTION = YES;
				GCC_WARN_UNUSED_VARIABLE = YES;
				IPHONEOS_DEPLOYMENT_TARGET = 17.2;
				LOCALIZATION_PREFERS_STRING_CATALOGS = YES;
				MTL_ENABLE_DEBUG_INFO = INCLUDE_SOURCE;
				MTL_FAST_MATH = YES;
				ONLY_ACTIVE_ARCH = YES;
				SDKROOT = iphoneos;
				SWIFT_ACTIVE_COMPILATION_CONDITIONS = "DEBUG $(inherited)";
				SWIFT_OPTIMIZATION_LEVEL = "-Onone";
			};
			name = Debug;
		};
		725E476C2BB632AD006A73B9 /* Release */ = {
			isa = XCBuildConfiguration;
			buildSettings = {
				ALWAYS_SEARCH_USER_PATHS = NO;
				ASSETCATALOG_COMPILER_GENERATE_SWIFT_ASSET_SYMBOL_EXTENSIONS = YES;
				CLANG_ANALYZER_NONNULL = YES;
				CLANG_ANALYZER_NUMBER_OBJECT_CONVERSION = YES_AGGRESSIVE;
				CLANG_CXX_LANGUAGE_STANDARD = "gnu++20";
				CLANG_ENABLE_MODULES = YES;
				CLANG_ENABLE_OBJC_ARC = YES;
				CLANG_ENABLE_OBJC_WEAK = YES;
				CLANG_WARN_BLOCK_CAPTURE_AUTORELEASING = YES;
				CLANG_WARN_BOOL_CONVERSION = YES;
				CLANG_WARN_COMMA = YES;
				CLANG_WARN_CONSTANT_CONVERSION = YES;
				CLANG_WARN_DEPRECATED_OBJC_IMPLEMENTATIONS = YES;
				CLANG_WARN_DIRECT_OBJC_ISA_USAGE = YES_ERROR;
				CLANG_WARN_DOCUMENTATION_COMMENTS = YES;
				CLANG_WARN_EMPTY_BODY = YES;
				CLANG_WARN_ENUM_CONVERSION = YES;
				CLANG_WARN_INFINITE_RECURSION = YES;
				CLANG_WARN_INT_CONVERSION = YES;
				CLANG_WARN_NON_LITERAL_NULL_CONVERSION = YES;
				CLANG_WARN_OBJC_IMPLICIT_RETAIN_SELF = YES;
				CLANG_WARN_OBJC_LITERAL_CONVERSION = YES;
				CLANG_WARN_OBJC_ROOT_CLASS = YES_ERROR;
				CLANG_WARN_QUOTED_INCLUDE_IN_FRAMEWORK_HEADER = YES;
				CLANG_WARN_RANGE_LOOP_ANALYSIS = YES;
				CLANG_WARN_STRICT_PROTOTYPES = YES;
				CLANG_WARN_SUSPICIOUS_MOVE = YES;
				CLANG_WARN_UNGUARDED_AVAILABILITY = YES_AGGRESSIVE;
				CLANG_WARN_UNREACHABLE_CODE = YES;
				CLANG_WARN__DUPLICATE_METHOD_MATCH = YES;
				COPY_PHASE_STRIP = NO;
				DEBUG_INFORMATION_FORMAT = "dwarf-with-dsym";
				ENABLE_NS_ASSERTIONS = NO;
				ENABLE_STRICT_OBJC_MSGSEND = YES;
				ENABLE_USER_SCRIPT_SANDBOXING = YES;
				GCC_C_LANGUAGE_STANDARD = gnu17;
				GCC_NO_COMMON_BLOCKS = YES;
				GCC_WARN_64_TO_32_BIT_CONVERSION = YES;
				GCC_WARN_ABOUT_RETURN_TYPE = YES_ERROR;
				GCC_WARN_UNDECLARED_SELECTOR = YES;
				GCC_WARN_UNINITIALIZED_AUTOS = YES_AGGRESSIVE;
				GCC_WARN_UNUSED_FUNCTION = YES;
				GCC_WARN_UNUSED_VARIABLE = YES;
				IPHONEOS_DEPLOYMENT_TARGET = 17.2;
				LOCALIZATION_PREFERS_STRING_CATALOGS = YES;
				MTL_ENABLE_DEBUG_INFO = NO;
				MTL_FAST_MATH = YES;
				SDKROOT = iphoneos;
				SWIFT_COMPILATION_MODE = wholemodule;
				VALIDATE_PRODUCT = YES;
			};
			name = Release;
		};
		725E476E2BB632AD006A73B9 /* Debug */ = {
			isa = XCBuildConfiguration;
			buildSettings = {
				ASSETCATALOG_COMPILER_APPICON_NAME = AppIcon;
				ASSETCATALOG_COMPILER_GLOBAL_ACCENT_COLOR_NAME = AccentColor;
				CODE_SIGN_STYLE = Automatic;
				CURRENT_PROJECT_VERSION = 1;
				DEVELOPMENT_ASSET_PATHS = "\"HuliPizza/Preview Content\"";
				DEVELOPMENT_TEAM = 8R2D9WN3M3;
				ENABLE_PREVIEWS = YES;
				GENERATE_INFOPLIST_FILE = YES;
				INFOPLIST_KEY_UIApplicationSceneManifest_Generation = YES;
				INFOPLIST_KEY_UIApplicationSupportsIndirectInputEvents = YES;
				INFOPLIST_KEY_UILaunchScreen_Generation = YES;
				INFOPLIST_KEY_UISupportedInterfaceOrientations_iPad = "UIInterfaceOrientationPortrait UIInterfaceOrientationPortraitUpsideDown UIInterfaceOrientationLandscapeLeft UIInterfaceOrientationLandscapeRight";
				INFOPLIST_KEY_UISupportedInterfaceOrientations_iPhone = "UIInterfaceOrientationPortrait UIInterfaceOrientationLandscapeLeft UIInterfaceOrientationLandscapeRight";
				LD_RUNPATH_SEARCH_PATHS = (
					"$(inherited)",
					"@executable_path/Frameworks",
				);
				MARKETING_VERSION = 1.0;
				PRODUCT_BUNDLE_IDENTIFIER = info.ingjohnguerrero.HuliPizza;
				PRODUCT_NAME = "$(TARGET_NAME)";
				SWIFT_EMIT_LOC_STRINGS = YES;
				SWIFT_VERSION = 5.0;
				TARGETED_DEVICE_FAMILY = "1,2";
			};
			name = Debug;
		};
		725E476F2BB632AD006A73B9 /* Release */ = {
			isa = XCBuildConfiguration;
			buildSettings = {
				ASSETCATALOG_COMPILER_APPICON_NAME = AppIcon;
				ASSETCATALOG_COMPILER_GLOBAL_ACCENT_COLOR_NAME = AccentColor;
				CODE_SIGN_STYLE = Automatic;
				CURRENT_PROJECT_VERSION = 1;
				DEVELOPMENT_ASSET_PATHS = "\"HuliPizza/Preview Content\"";
				DEVELOPMENT_TEAM = 8R2D9WN3M3;
				ENABLE_PREVIEWS = YES;
				GENERATE_INFOPLIST_FILE = YES;
				INFOPLIST_KEY_UIApplicationSceneManifest_Generation = YES;
				INFOPLIST_KEY_UIApplicationSupportsIndirectInputEvents = YES;
				INFOPLIST_KEY_UILaunchScreen_Generation = YES;
				INFOPLIST_KEY_UISupportedInterfaceOrientations_iPad = "UIInterfaceOrientationPortrait UIInterfaceOrientationPortraitUpsideDown UIInterfaceOrientationLandscapeLeft UIInterfaceOrientationLandscapeRight";
				INFOPLIST_KEY_UISupportedInterfaceOrientations_iPhone = "UIInterfaceOrientationPortrait UIInterfaceOrientationLandscapeLeft UIInterfaceOrientationLandscapeRight";
				LD_RUNPATH_SEARCH_PATHS = (
					"$(inherited)",
					"@executable_path/Frameworks",
				);
				MARKETING_VERSION = 1.0;
				PRODUCT_BUNDLE_IDENTIFIER = info.ingjohnguerrero.HuliPizza;
				PRODUCT_NAME = "$(TARGET_NAME)";
				SWIFT_EMIT_LOC_STRINGS = YES;
				SWIFT_VERSION = 5.0;
				TARGETED_DEVICE_FAMILY = "1,2";
			};
			name = Release;
		};
		725E47712BB632AD006A73B9 /* Debug */ = {
			isa = XCBuildConfiguration;
			buildSettings = {
				ALWAYS_EMBED_SWIFT_STANDARD_LIBRARIES = YES;
				BUNDLE_LOADER = "$(TEST_HOST)";
				CODE_SIGN_STYLE = Automatic;
				CURRENT_PROJECT_VERSION = 1;
				DEVELOPMENT_TEAM = 8R2D9WN3M3;
				GENERATE_INFOPLIST_FILE = YES;
				IPHONEOS_DEPLOYMENT_TARGET = 17.2;
				MARKETING_VERSION = 1.0;
				PRODUCT_BUNDLE_IDENTIFIER = info.ingjohnguerrero.HuliPizzaTests;
				PRODUCT_NAME = "$(TARGET_NAME)";
				SWIFT_EMIT_LOC_STRINGS = NO;
				SWIFT_VERSION = 5.0;
				TARGETED_DEVICE_FAMILY = "1,2";
				TEST_HOST = "$(BUILT_PRODUCTS_DIR)/HuliPizza.app/$(BUNDLE_EXECUTABLE_FOLDER_PATH)/HuliPizza";
			};
			name = Debug;
		};
		725E47722BB632AD006A73B9 /* Release */ = {
			isa = XCBuildConfiguration;
			buildSettings = {
				ALWAYS_EMBED_SWIFT_STANDARD_LIBRARIES = YES;
				BUNDLE_LOADER = "$(TEST_HOST)";
				CODE_SIGN_STYLE = Automatic;
				CURRENT_PROJECT_VERSION = 1;
				DEVELOPMENT_TEAM = 8R2D9WN3M3;
				GENERATE_INFOPLIST_FILE = YES;
				IPHONEOS_DEPLOYMENT_TARGET = 17.2;
				MARKETING_VERSION = 1.0;
				PRODUCT_BUNDLE_IDENTIFIER = info.ingjohnguerrero.HuliPizzaTests;
				PRODUCT_NAME = "$(TARGET_NAME)";
				SWIFT_EMIT_LOC_STRINGS = NO;
				SWIFT_VERSION = 5.0;
				TARGETED_DEVICE_FAMILY = "1,2";
				TEST_HOST = "$(BUILT_PRODUCTS_DIR)/HuliPizza.app/$(BUNDLE_EXECUTABLE_FOLDER_PATH)/HuliPizza";
			};
			name = Release;
		};
		725E47742BB632AD006A73B9 /* Debug */ = {
			isa = XCBuildConfiguration;
			buildSettings = {
				ALWAYS_EMBED_SWIFT_STANDARD_LIBRARIES = YES;
				CODE_SIGN_STYLE = Automatic;
				CURRENT_PROJECT_VERSION = 1;
				DEVELOPMENT_TEAM = 8R2D9WN3M3;
				GENERATE_INFOPLIST_FILE = YES;
				MARKETING_VERSION = 1.0;
				PRODUCT_BUNDLE_IDENTIFIER = info.ingjohnguerrero.HuliPizzaUITests;
				PRODUCT_NAME = "$(TARGET_NAME)";
				SWIFT_EMIT_LOC_STRINGS = NO;
				SWIFT_VERSION = 5.0;
				TARGETED_DEVICE_FAMILY = "1,2";
				TEST_TARGET_NAME = HuliPizza;
			};
			name = Debug;
		};
		725E47752BB632AD006A73B9 /* Release */ = {
			isa = XCBuildConfiguration;
			buildSettings = {
				ALWAYS_EMBED_SWIFT_STANDARD_LIBRARIES = YES;
				CODE_SIGN_STYLE = Automatic;
				CURRENT_PROJECT_VERSION = 1;
				DEVELOPMENT_TEAM = 8R2D9WN3M3;
				GENERATE_INFOPLIST_FILE = YES;
				MARKETING_VERSION = 1.0;
				PRODUCT_BUNDLE_IDENTIFIER = info.ingjohnguerrero.HuliPizzaUITests;
				PRODUCT_NAME = "$(TARGET_NAME)";
				SWIFT_EMIT_LOC_STRINGS = NO;
				SWIFT_VERSION = 5.0;
				TARGETED_DEVICE_FAMILY = "1,2";
				TEST_TARGET_NAME = HuliPizza;
			};
			name = Release;
		};
/* End XCBuildConfiguration section */

/* Begin XCConfigurationList section */
		725E47442BB632AB006A73B9 /* Build configuration list for PBXProject "HuliPizza" */ = {
			isa = XCConfigurationList;
			buildConfigurations = (
				725E476B2BB632AD006A73B9 /* Debug */,
				725E476C2BB632AD006A73B9 /* Release */,
			);
			defaultConfigurationIsVisible = 0;
			defaultConfigurationName = Release;
		};
		725E476D2BB632AD006A73B9 /* Build configuration list for PBXNativeTarget "HuliPizza" */ = {
			isa = XCConfigurationList;
			buildConfigurations = (
				725E476E2BB632AD006A73B9 /* Debug */,
				725E476F2BB632AD006A73B9 /* Release */,
			);
			defaultConfigurationIsVisible = 0;
			defaultConfigurationName = Release;
		};
		725E47702BB632AD006A73B9 /* Build configuration list for PBXNativeTarget "HuliPizzaTests" */ = {
			isa = XCConfigurationList;
			buildConfigurations = (
				725E47712BB632AD006A73B9 /* Debug */,
				725E47722BB632AD006A73B9 /* Release */,
			);
			defaultConfigurationIsVisible = 0;
			defaultConfigurationName = Release;
		};
		725E47732BB632AD006A73B9 /* Build configuration list for PBXNativeTarget "HuliPizzaUITests" */ = {
			isa = XCConfigurationList;
			buildConfigurations = (
				725E47742BB632AD006A73B9 /* Debug */,
				725E47752BB632AD006A73B9 /* Release */,
			);
			defaultConfigurationIsVisible = 0;
			defaultConfigurationName = Release;
		};
/* End XCConfigurationList section */
	};
	rootObject = 725E47412BB632AB006A73B9 /* Project object */;
}
